
Microsoft Visual Studio Solution File, Format Version 12.00
# Visual Studio Version 16
VisualStudioVersion = 16.0.29709.97
MinimumVisualStudioVersion = 10.0.40219.1
Project("{FAE04EC0-301F-11D3-BF4B-00C04F79EFBC}") = "MyMoivesU", "MyMoivesU\MyMoivesU.csproj", "{AADA1A0D-5745-4504-AE74-904870029608}"
EndProject
Global
	GlobalSection(SolutionConfigurationPlatforms) = preSolution
		Debug|Any CPU = Debug|Any CPU
		Release|Any CPU = Release|Any CPU
	EndGlobalSection
	GlobalSection(ProjectConfigurationPlatforms) = postSolution
		{AADA1A0D-5745-4504-AE74-904870029608}.Debug|Any CPU.ActiveCfg = Debug|Any CPU
		{AADA1A0D-5745-4504-AE74-904870029608}.Debug|Any CPU.Build.0 = Debug|Any CPU
		{AADA1A0D-5745-4504-AE74-904870029608}.Release|Any CPU.ActiveCfg = Release|Any CPU
		{AADA1A0D-5745-4504-AE74-904870029608}.Release|Any CPU.Build.0 = Release|Any CPU
	EndGlobalSection
	GlobalSection(SolutionProperties) = preSolution
		HideSolutionNode = FALSE
	EndGlobalSection
	GlobalSection(ExtensibilityGlobals) = postSolution
		SolutionGuid = {A479A0DC-3183-4FEE-8433-C594E0B49D1F}
	EndGlobalSection
EndGlobal
